
Microsoft Visual Studio Solution File, Format Version 12.00
# Visual Studio 15
VisualStudioVersion = 15.0.27130.2010
MinimumVisualStudioVersion = 10.0.40219.1
Project("{FAE04EC0-301F-11D3-BF4B-00C04F79EFBC}") = "PizzaOtomasyonu", "PizzaOtomasyonu\PizzaOtomasyonu.csproj", "{8F9DC855-A7D4-4E6B-9EE7-364EFEB5AFDD}"
EndProject
Global
	GlobalSection(SolutionConfigurationPlatforms) = preSolution
		Debug|Any CPU = Debug|Any CPU
		Release|Any CPU = Release|Any CPU
	EndGlobalSection
	GlobalSection(ProjectConfigurationPlatforms) = postSolution
		{8F9DC855-A7D4-4E6B-9EE7-364EFEB5AFDD}.Debug|Any CPU.ActiveCfg = Debug|Any CPU
		{8F9DC855-A7D4-4E6B-9EE7-364EFEB5AFDD}.Debug|Any CPU.Build.0 = Debug|Any CPU
		{8F9DC855-A7D4-4E6B-9EE7-364EFEB5AFDD}.Release|Any CPU.ActiveCfg = Release|Any CPU
		{8F9DC855-A7D4-4E6B-9EE7-364EFEB5AFDD}.Release|Any CPU.Build.0 = Release|Any CPU
	EndGlobalSection
	GlobalSection(SolutionProperties) = preSolution
		HideSolutionNode = FALSE
	EndGlobalSection
	GlobalSection(ExtensibilityGlobals) = postSolution
		SolutionGuid = {B613652D-5328-4356-9EC2-67384653476D}
	EndGlobalSection
EndGlobal
